
Microsoft Visual Studio Solution File, Format Version 12.00
# Visual Studio Version 17
VisualStudioVersion = 17.6.33513.286
MinimumVisualStudioVersion = 10.0.40219.1
Project("{FAE04EC0-301F-11D3-BF4B-00C04F79EFBC}") = "lab_6.3", "lab_6.3\lab_6.3.csproj", "{356354CE-17AF-4CCD-A52D-73BCDABA37B9}"
EndProject
Global
	GlobalSection(SolutionConfigurationPlatforms) = preSolution
		Debug|Any CPU = Debug|Any CPU
		Release|Any CPU = Release|Any CPU
	EndGlobalSection
	GlobalSection(ProjectConfigurationPlatforms) = postSolution
		{356354CE-17AF-4CCD-A52D-73BCDABA37B9}.Debug|Any CPU.ActiveCfg = Debug|Any CPU
		{356354CE-17AF-4CCD-A52D-73BCDABA37B9}.Debug|Any CPU.Build.0 = Debug|Any CPU
		{356354CE-17AF-4CCD-A52D-73BCDABA37B9}.Release|Any CPU.ActiveCfg = Release|Any CPU
		{356354CE-17AF-4CCD-A52D-73BCDABA37B9}.Release|Any CPU.Build.0 = Release|Any CPU
	EndGlobalSection
	GlobalSection(SolutionProperties) = preSolution
		HideSolutionNode = FALSE
	EndGlobalSection
	GlobalSection(ExtensibilityGlobals) = postSolution
		SolutionGuid = {B5E41DF3-BFEE-4155-A9F4-543DFE2864F9}
	EndGlobalSection
EndGlobal
